
Microsoft Visual Studio Solution File, Format Version 11.00
# Visual Studio 2010
Project("{FAE04EC0-301F-11D3-BF4B-00C04F79EFBC}") = "UnityEngine.UI", "UnityEngine.UI.csproj", "{78790FB9-52DF-CE7D-D1AA-C1168158253C}"
EndProject
Project("{FAE04EC0-301F-11D3-BF4B-00C04F79EFBC}") = "Assembly-CSharp", "Assembly-CSharp.csproj", "{41B943BF-06DA-2935-739A-2208269F8A94}"
EndProject
Project("{FAE04EC0-301F-11D3-BF4B-00C04F79EFBC}") = "UnityEditor.UI", "UnityEditor.UI.csproj", "{A285EF73-39FC-287F-DB01-E4EE37154FB5}"
EndProject
Project("{FAE04EC0-301F-11D3-BF4B-00C04F79EFBC}") = "Assembly-CSharp-Editor-firstpass", "Assembly-CSharp-Editor-firstpass.csproj", "{DC41E010-623E-22B1-0341-9CB8F1C7446A}"
EndProject
Global
	GlobalSection(SolutionConfigurationPlatforms) = preSolution
		Debug|Any CPU = Debug|Any CPU
		Release|Any CPU = Release|Any CPU
	EndGlobalSection
	GlobalSection(ProjectConfigurationPlatforms) = postSolution
		{78790FB9-52DF-CE7D-D1AA-C1168158253C}.Debug|Any CPU.ActiveCfg = Debug|Any CPU
		{78790FB9-52DF-CE7D-D1AA-C1168158253C}.Debug|Any CPU.Build.0 = Debug|Any CPU
		{78790FB9-52DF-CE7D-D1AA-C1168158253C}.Release|Any CPU.ActiveCfg = Release|Any CPU
		{78790FB9-52DF-CE7D-D1AA-C1168158253C}.Release|Any CPU.Build.0 = Release|Any CPU
		{41B943BF-06DA-2935-739A-2208269F8A94}.Debug|Any CPU.ActiveCfg = Debug|Any CPU
		{41B943BF-06DA-2935-739A-2208269F8A94}.Debug|Any CPU.Build.0 = Debug|Any CPU
		{41B943BF-06DA-2935-739A-2208269F8A94}.Release|Any CPU.ActiveCfg = Release|Any CPU
		{41B943BF-06DA-2935-739A-2208269F8A94}.Release|Any CPU.Build.0 = Release|Any CPU
		{A285EF73-39FC-287F-DB01-E4EE37154FB5}.Debug|Any CPU.ActiveCfg = Debug|Any CPU
		{A285EF73-39FC-287F-DB01-E4EE37154FB5}.Debug|Any CPU.Build.0 = Debug|Any CPU
		{A285EF73-39FC-287F-DB01-E4EE37154FB5}.Release|Any CPU.ActiveCfg = Release|Any CPU
		{A285EF73-39FC-287F-DB01-E4EE37154FB5}.Release|Any CPU.Build.0 = Release|Any CPU
		{DC41E010-623E-22B1-0341-9CB8F1C7446A}.Debug|Any CPU.ActiveCfg = Debug|Any CPU
		{DC41E010-623E-22B1-0341-9CB8F1C7446A}.Debug|Any CPU.Build.0 = Debug|Any CPU
		{DC41E010-623E-22B1-0341-9CB8F1C7446A}.Release|Any CPU.ActiveCfg = Release|Any CPU
		{DC41E010-623E-22B1-0341-9CB8F1C7446A}.Release|Any CPU.Build.0 = Release|Any CPU
	EndGlobalSection
	GlobalSection(SolutionProperties) = preSolution
		HideSolutionNode = FALSE
	EndGlobalSection
EndGlobal
